
Microsoft Visual Studio Solution File, Format Version 12.00
# Visual Studio Version 17
VisualStudioVersion = 17.14.37301.10 d17.14
MinimumVisualStudioVersion = 10.0.40219.1
Project("{FAE04EC0-301F-11D3-BF4B-00C04F79EFBC}") = "sort", "sort.csproj", "{518D5A74-8620-4E34-859E-A173A2E9478D}"
EndProject
Global
	GlobalSection(SolutionConfigurationPlatforms) = preSolution
		Debug|Any CPU = Debug|Any CPU
		Release|Any CPU = Release|Any CPU
	EndGlobalSection
	GlobalSection(ProjectConfigurationPlatforms) = postSolution
		{518D5A74-8620-4E34-859E-A173A2E9478D}.Debug|Any CPU.ActiveCfg = Debug|Any CPU
		{518D5A74-8620-4E34-859E-A173A2E9478D}.Debug|Any CPU.Build.0 = Debug|Any CPU
		{518D5A74-8620-4E34-859E-A173A2E9478D}.Release|Any CPU.ActiveCfg = Release|Any CPU
		{518D5A74-8620-4E34-859E-A173A2E9478D}.Release|Any CPU.Build.0 = Release|Any CPU
	EndGlobalSection
	GlobalSection(SolutionProperties) = preSolution
		HideSolutionNode = FALSE
	EndGlobalSection
	GlobalSection(ExtensibilityGlobals) = postSolution
		SolutionGuid = {D7AD1C43-ECCF-4614-AB15-35D89C908C61}
	EndGlobalSection
EndGlobal
